
Microsoft Visual Studio Solution File, Format Version 12.00
# Visual Studio Version 17
VisualStudioVersion = 17.7.34024.191
MinimumVisualStudioVersion = 10.0.40219.1
Project("{FAE04EC0-301F-11D3-BF4B-00C04F79EFBC}") = "DI-UT1-Ejemplo24-MySQL-ContextMenu-Settings", "DI-UT1-Ejemplo24-MySQL-ContextMenu-Settings\DI-UT1-Ejemplo24-MySQL-ContextMenu-Settings.csproj", "{CE21829F-C37E-4574-98DB-507ADCE905FE}"
EndProject
Project("{FAE04EC0-301F-11D3-BF4B-00C04F79EFBC}") = "AnimalCrossingDB", "AnimalCrossingDB\AnimalCrossingDB.csproj", "{C5CEF353-6273-4FC7-9ECB-34E63773D3CE}"
EndProject
Project("{FAE04EC0-301F-11D3-BF4B-00C04F79EFBC}") = "BBDDProyectos", "BBDDProyectos\BBDDProyectos.csproj", "{580F598C-EFE8-4400-8E57-4556B321203F}"
EndProject
Project("{FAE04EC0-301F-11D3-BF4B-00C04F79EFBC}") = "BibliotecaPrueba", "BibliotecaPrueba\BibliotecaPrueba.csproj", "{536EDDE1-5182-4307-9EC2-23F722F5ECFD}"
EndProject
Global
	GlobalSection(SolutionConfigurationPlatforms) = preSolution
		Debug|Any CPU = Debug|Any CPU
		Release|Any CPU = Release|Any CPU
	EndGlobalSection
	GlobalSection(ProjectConfigurationPlatforms) = postSolution
		{CE21829F-C37E-4574-98DB-507ADCE905FE}.Debug|Any CPU.ActiveCfg = Debug|Any CPU
		{CE21829F-C37E-4574-98DB-507ADCE905FE}.Debug|Any CPU.Build.0 = Debug|Any CPU
		{CE21829F-C37E-4574-98DB-507ADCE905FE}.Release|Any CPU.ActiveCfg = Release|Any CPU
		{CE21829F-C37E-4574-98DB-507ADCE905FE}.Release|Any CPU.Build.0 = Release|Any CPU
		{C5CEF353-6273-4FC7-9ECB-34E63773D3CE}.Debug|Any CPU.ActiveCfg = Debug|Any CPU
		{C5CEF353-6273-4FC7-9ECB-34E63773D3CE}.Debug|Any CPU.Build.0 = Debug|Any CPU
		{C5CEF353-6273-4FC7-9ECB-34E63773D3CE}.Release|Any CPU.ActiveCfg = Release|Any CPU
		{C5CEF353-6273-4FC7-9ECB-34E63773D3CE}.Release|Any CPU.Build.0 = Release|Any CPU
		{580F598C-EFE8-4400-8E57-4556B321203F}.Debug|Any CPU.ActiveCfg = Debug|Any CPU
		{580F598C-EFE8-4400-8E57-4556B321203F}.Debug|Any CPU.Build.0 = Debug|Any CPU
		{580F598C-EFE8-4400-8E57-4556B321203F}.Release|Any CPU.ActiveCfg = Release|Any CPU
		{580F598C-EFE8-4400-8E57-4556B321203F}.Release|Any CPU.Build.0 = Release|Any CPU
		{536EDDE1-5182-4307-9EC2-23F722F5ECFD}.Debug|Any CPU.ActiveCfg = Debug|Any CPU
		{536EDDE1-5182-4307-9EC2-23F722F5ECFD}.Debug|Any CPU.Build.0 = Debug|Any CPU
		{536EDDE1-5182-4307-9EC2-23F722F5ECFD}.Release|Any CPU.ActiveCfg = Release|Any CPU
		{536EDDE1-5182-4307-9EC2-23F722F5ECFD}.Release|Any CPU.Build.0 = Release|Any CPU
	EndGlobalSection
	GlobalSection(SolutionProperties) = preSolution
		HideSolutionNode = FALSE
	EndGlobalSection
	GlobalSection(ExtensibilityGlobals) = postSolution
		SolutionGuid = {B846AD78-DD7D-47B6-95E1-04E3C694D856}
	EndGlobalSection
EndGlobal
